github.com/Sirupsen/logrus v0.0.0-20160425093237-cd7d1bbe4106 h1:UVVx5471aaEredNqlpTpIoMotvHN49SxofcBScyw5mU=
github.com/Sirupsen/logrus v0.0.0-20160425093237-cd7d1bbe4106/go.mod h1:rmk17hk6i8ZSAJkSDa7nOxamrG+SP4P0mm+DAvExv4U=
github.com/beorn7/perks v0.0.0-20160229213445-3ac7bf7a47d1 h1:OnJHjoVbY69GG4gclp0ngXfywigLhR6rrgUxmxQRWO4=
github.com/beorn7/perks v0.0.0-20160229213445-3ac7bf7a47d1/go.mod h1:Dwedo/Wpr24TaqPxmxbtue+5NUziq4I4S80YR8gNf3Q=
github.com/davecgh/go-spew v0.0.0-20151105211317-5215b55f46b2 h1:5zdDAMuB3gvbHB1m2BZT9+t9w+xaBmK3ehb7skDXcwM=
github.com/davecgh/go-spew v0.0.0-20151105211317-5215b55f46b2/go.mod h1:J7Y8YcW2NihsgmVo/mv3lAwl/skON4iLHjSsI+c5H38=
github.com/golang/protobuf v0.0.0-20160425215824-7cc19b78d562 h1:Cuu6mnKPbb6F6/z64H13pV8sV5+je6H4tgLbJ3bpYlA=
github.com/golang/protobuf v0.0.0-20160425215824-7cc19b78d562/go.mod h1:6lQm79b+lXiMfvg/cZm0SGofjICqVBUtrP5yJMmIC1U=
github.com/matttproud/golang_protobuf_extensions v1.0.1 h1:4hp9jkHxhMHkqkrB3Ix0jegS5sx/RkqARlsWZ6pIwiU=
github.com/matttproud/golang_protobuf_extensions v1.0.1/go.mod h1:D8He9yQNgCq6Z5Ld7szi9bcBfOoFv/3dc6xSMkL2PC0=
github.com/pkg/errors v0.4.0 h1:WGkfvLuWDIBfhb2zl49//ybqmEN9P3OcOrPYUGJrPIo=
github.com/pkg/errors v0.4.0/go.mod h1:bwawxfHBFNV+L2hUp1rHADufV3IMtnDRdf1r5NINEl0=
github.com/pmezard/go-difflib v1.0.0 h1:4DBwDE0NGyQoBHbLQYPwSUPoCMWR5BEzIk/f1lZbAQM=
github.com/pmezard/go-difflib v1.0.0/go.mod h1:iKH77koFhYxTK1pcRnkKkqfTogsbg7gZNVY4sRDYZ/4=
github.com/prometheus/client_golang v0.0.0-20160513042011-b90ee0840e8e h1:qsbdCvwVeAa57q0k/69rD2Qyrrugi1zoCWULyE2p7uU=
github.com/prometheus/client_golang v0.0.0-20160513042011-b90ee0840e8e/go.mod h1:7SWBe2y4D6OKWSNQJUaRYU/AaXPKyh/dDVn+NZz0KFw=
github.com/prometheus/client_model v0.0.0-20150212101744-fa8ad6fec335 h1:0E/5GnGmzoDCtmzTycjGDWW33H0UBmAhR0h+FC8hWLs=
github.com/prometheus/client_model v0.0.0-20150212101744-fa8ad6fec335/go.mod h1:MbSGuTsp3dbXC40dX6PRTWyKYBIrTGTE9sqQNg2J8bo=
github.com/prometheus/common v0.0.0-20160503220532-dd586c1c5abb h1:4nodWtieL+B8///SoWfGVctTGFgMsLRY5ilTNM86Vr8=
github.com/prometheus/common v0.0.0-20160503220532-dd586c1c5abb/go.mod h1:daVV7qP5qjZbuso7PdcryaAu0sAZbrN9i7WWcTMWvro=
github.com/prometheus/log v0.0.0-20151026012452-9a3136781e1f h1:G4tJ8/52J/rRmxob3LtolevHcHhCwtxo/2VD0unNM/E=
github.com/prometheus/log v0.0.0-20151026012452-9a3136781e1f/go.mod h1:1CWrwKZ/oqmOpg817WPlG88DKb9xKdpnq009SEKTgqQ=
github.com/prometheus/procfs v0.0.0-20160411190841-abf152e5f3e9 h1:IrO4Eb9oGw+GxzOhO4b2QC5EWO85Omh/4iTSPZktMm8=
github.com/prometheus/procfs v0.0.0-20160411190841-abf152e5f3e9/go.mod h1:c3At6R/oaqEKCNdg8wHV1ftS6bRYblBhIjjI8uT2IGk=
github.com/stretchr/testify v0.0.0-20160504130155-6cb3b85ef5a0 h1:aCHp55cT6UsXkzGy9PoE+pNlDIbLIwcqK35xEnAKWfw=
github.com/stretchr/testify v0.0.0-20160504130155-6cb3b85ef5a0/go.mod h1:a8OnRcib4nhh0OaRAV+Yts87kKdq0PP7pXfy6kDkUVs=
github.com/vrischmann/envconfig v0.0.0-20160509222832-9e6e1c4d3b73 h1:NoRRM0mqlB5WMExfUQSuumxdx7izst4Gm3CHzxZpdSY=
github.com/vrischmann/envconfig v0.0.0-20160509222832-9e6e1c4d3b73/go.mod h1:c5DuUlkzfsnspy1g7qiqryPCsW+NjsrLsYq4zhwsoHo=
golang.org/x/sys v0.0.0-20160513183025-33267e036fd9/go.mod h1:STP8DvDyc/dI5b8T5hshtkjS+E42TnysNCUPdjciGhY=
